
Microsoft Visual Studio Solution File, Format Version 12.00
# Visual Studio Version 16
VisualStudioVersion = 16.0.31025.194
MinimumVisualStudioVersion = 10.0.40219.1
Project("{888888A0-9F3D-457C-B088-3A5042F75D52}") = "Pilóták", "Pilóták\Pilóták.pyproj", "{8A423E4F-C9EE-49A2-B2B4-030C6AD0E33A}"
EndProject
Global
	GlobalSection(SolutionConfigurationPlatforms) = preSolution
		Debug|Any CPU = Debug|Any CPU
		Release|Any CPU = Release|Any CPU
	EndGlobalSection
	GlobalSection(ProjectConfigurationPlatforms) = postSolution
		{8A423E4F-C9EE-49A2-B2B4-030C6AD0E33A}.Debug|Any CPU.ActiveCfg = Debug|Any CPU
		{8A423E4F-C9EE-49A2-B2B4-030C6AD0E33A}.Release|Any CPU.ActiveCfg = Release|Any CPU
	EndGlobalSection
	GlobalSection(SolutionProperties) = preSolution
		HideSolutionNode = FALSE
	EndGlobalSection
	GlobalSection(ExtensibilityGlobals) = postSolution
		SolutionGuid = {41F8A6C8-3DFB-4A7A-B75F-1635816644DF}
	EndGlobalSection
EndGlobal
